
Microsoft Visual Studio Solution File, Format Version 12.00
# Visual Studio Version 16
VisualStudioVersion = 16.0.31829.152
MinimumVisualStudioVersion = 10.0.40219.1
Project("{9A19103F-16F7-4668-BE54-9A1E7A4F7556}") = "EHentaiAPI", "EHentaiAPI\EHentaiAPI.csproj", "{8573987F-0C09-420D-8980-54231064F003}"
EndProject
Project("{FAE04EC0-301F-11D3-BF4B-00C04F79EFBC}") = "EHentaiAPI.TestConsole", "EHentaiAPI.TestConsole\EHentaiAPI.TestConsole.csproj", "{280B945F-786E-4A2B-94D0-27AEAA47AF35}"
EndProject
Project("{FAE04EC0-301F-11D3-BF4B-00C04F79EFBC}") = "EHentaiAPI.UnitTest", "EHentaiAPI.UnitTest\EHentaiAPI.UnitTest.csproj", "{25B75B89-34F5-4B51-80A4-2F06E604C2AF}"
EndProject
Global
	GlobalSection(SolutionConfigurationPlatforms) = preSolution
		Debug|Any CPU = Debug|Any CPU
		Release|Any CPU = Release|Any CPU
	EndGlobalSection
	GlobalSection(ProjectConfigurationPlatforms) = postSolution
		{8573987F-0C09-420D-8980-54231064F003}.Debug|Any CPU.ActiveCfg = Debug|Any CPU
		{8573987F-0C09-420D-8980-54231064F003}.Debug|Any CPU.Build.0 = Debug|Any CPU
		{8573987F-0C09-420D-8980-54231064F003}.Release|Any CPU.ActiveCfg = Release|Any CPU
		{8573987F-0C09-420D-8980-54231064F003}.Release|Any CPU.Build.0 = Release|Any CPU
		{280B945F-786E-4A2B-94D0-27AEAA47AF35}.Debug|Any CPU.ActiveCfg = Debug|Any CPU
		{280B945F-786E-4A2B-94D0-27AEAA47AF35}.Debug|Any CPU.Build.0 = Debug|Any CPU
		{280B945F-786E-4A2B-94D0-27AEAA47AF35}.Release|Any CPU.ActiveCfg = Release|Any CPU
		{280B945F-786E-4A2B-94D0-27AEAA47AF35}.Release|Any CPU.Build.0 = Release|Any CPU
		{25B75B89-34F5-4B51-80A4-2F06E604C2AF}.Debug|Any CPU.ActiveCfg = Debug|Any CPU
		{25B75B89-34F5-4B51-80A4-2F06E604C2AF}.Debug|Any CPU.Build.0 = Debug|Any CPU
		{25B75B89-34F5-4B51-80A4-2F06E604C2AF}.Release|Any CPU.ActiveCfg = Release|Any CPU
		{25B75B89-34F5-4B51-80A4-2F06E604C2AF}.Release|Any CPU.Build.0 = Release|Any CPU
	EndGlobalSection
	GlobalSection(SolutionProperties) = preSolution
		HideSolutionNode = FALSE
	EndGlobalSection
	GlobalSection(ExtensibilityGlobals) = postSolution
		SolutionGuid = {65763CB1-EB41-42D7-9190-FCEC104BC864}
	EndGlobalSection
EndGlobal
